
Microsoft Visual Studio Solution File, Format Version 12.00
# Visual Studio Version 16
VisualStudioVersion = 16.0.30011.22
MinimumVisualStudioVersion = 10.0.40219.1
Project("{9A19103F-16F7-4668-BE54-9A1E7A4F7556}") = "StepanWeb", "StepanWeb\StepanWeb.csproj", "{945C4F8E-0B33-4447-8AAD-65B403613D28}"
EndProject
Global
	GlobalSection(SolutionConfigurationPlatforms) = preSolution
		Debug|Any CPU = Debug|Any CPU
		Release|Any CPU = Release|Any CPU
	EndGlobalSection
	GlobalSection(ProjectConfigurationPlatforms) = postSolution
		{945C4F8E-0B33-4447-8AAD-65B403613D28}.Debug|Any CPU.ActiveCfg = Debug|Any CPU
		{945C4F8E-0B33-4447-8AAD-65B403613D28}.Debug|Any CPU.Build.0 = Debug|Any CPU
		{945C4F8E-0B33-4447-8AAD-65B403613D28}.Release|Any CPU.ActiveCfg = Release|Any CPU
		{945C4F8E-0B33-4447-8AAD-65B403613D28}.Release|Any CPU.Build.0 = Release|Any CPU
	EndGlobalSection
	GlobalSection(SolutionProperties) = preSolution
		HideSolutionNode = FALSE
	EndGlobalSection
	GlobalSection(ExtensibilityGlobals) = postSolution
		SolutionGuid = {CF19FD53-7F1D-4492-AA43-B71DA33805AA}
	EndGlobalSection
EndGlobal
